// !$*UTF8*$!
{
	archiveVersion = 1;
	classes = {
	};
	objectVersion = 54;
	objects = {

/* Begin PBXBuildFile section */
		786235512A072AE400234426 /* CharacterListTableViewCell.swift in Sources */ = {isa = PBXBuildFile; fileRef = 7862354F2A072AE400234426 /* CharacterListTableViewCell.swift */; };
		786235522A072AE400234426 /* CharacterListTableViewCell.xib in Resources */ = {isa = PBXBuildFile; fileRef = 786235502A072AE400234426 /* CharacterListTableViewCell.xib */; };
		786235562A0757C300234426 /* Kingfisher in Frameworks */ = {isa = PBXBuildFile; productRef = 786235552A0757C300234426 /* Kingfisher */; };
		786235592A0768E000234426 /* CharacterListViewController.swift in Sources */ = {isa = PBXBuildFile; fileRef = 786235572A0768E000234426 /* CharacterListViewController.swift */; };
		7862355A2A0768E000234426 /* CharacterListViewController.xib in Resources */ = {isa = PBXBuildFile; fileRef = 786235582A0768E000234426 /* CharacterListViewController.xib */; };
		7862355D2A076CB700234426 /* Extensions.swift in Sources */ = {isa = PBXBuildFile; fileRef = 7862355C2A076CB700234426 /* Extensions.swift */; };
		786235652A07705800234426 /* CharacterDetailViewController.swift in Sources */ = {isa = PBXBuildFile; fileRef = 786235632A07705800234426 /* CharacterDetailViewController.swift */; };
		786235662A07705800234426 /* CharacterDetailViewController.xib in Resources */ = {isa = PBXBuildFile; fileRef = 786235642A07705800234426 /* CharacterDetailViewController.xib */; };
		786235692A078D5000234426 /* Coordinator.swift in Sources */ = {isa = PBXBuildFile; fileRef = 786235682A078D5000234426 /* Coordinator.swift */; };
		7862356B2A078EA400234426 /* MainCoordinator.swift in Sources */ = {isa = PBXBuildFile; fileRef = 7862356A2A078EA400234426 /* MainCoordinator.swift */; };
		7862356D2A07913200234426 /* CharacterDetailPushCoordinator.swift in Sources */ = {isa = PBXBuildFile; fileRef = 7862356C2A07913200234426 /* CharacterDetailPushCoordinator.swift */; };
		7862356F2A07940C00234426 /* CharacterDetailModalCoordinator.swift in Sources */ = {isa = PBXBuildFile; fileRef = 7862356E2A07940C00234426 /* CharacterDetailModalCoordinator.swift */; };
		7874546B2A06D78B003761B3 /* AppDelegate.swift in Sources */ = {isa = PBXBuildFile; fileRef = 7874546A2A06D78B003761B3 /* AppDelegate.swift */; };
		7874546D2A06D78B003761B3 /* SceneDelegate.swift in Sources */ = {isa = PBXBuildFile; fileRef = 7874546C2A06D78B003761B3 /* SceneDelegate.swift */; };
		787454742A06D78C003761B3 /* Assets.xcassets in Resources */ = {isa = PBXBuildFile; fileRef = 787454732A06D78C003761B3 /* Assets.xcassets */; };
		787454772A06D78C003761B3 /* LaunchScreen.storyboard in Resources */ = {isa = PBXBuildFile; fileRef = 787454752A06D78C003761B3 /* LaunchScreen.storyboard */; };
		787454822A06D954003761B3 /* APIClient.swift in Sources */ = {isa = PBXBuildFile; fileRef = 787454812A06D954003761B3 /* APIClient.swift */; };
		787454842A06DC2B003761B3 /* NetworkError.swift in Sources */ = {isa = PBXBuildFile; fileRef = 787454832A06DC2B003761B3 /* NetworkError.swift */; };
		787454862A06F0AA003761B3 /* CharacterDataModelResponse.swift in Sources */ = {isa = PBXBuildFile; fileRef = 787454852A06F0AA003761B3 /* CharacterDataModelResponse.swift */; };
		787454882A06F12A003761B3 /* CharacterDataModel.swift in Sources */ = {isa = PBXBuildFile; fileRef = 787454872A06F12A003761B3 /* CharacterDataModel.swift */; };
/* End PBXBuildFile section */

/* Begin PBXFileReference section */
		7862354F2A072AE400234426 /* CharacterListTableViewCell.swift */ = {isa = PBXFileReference; lastKnownFileType = sourcecode.swift; path = CharacterListTableViewCell.swift; sourceTree = "<group>"; };
		786235502A072AE400234426 /* CharacterListTableViewCell.xib */ = {isa = PBXFileReference; lastKnownFileType = file.xib; path = CharacterListTableViewCell.xib; sourceTree = "<group>"; };
		786235572A0768E000234426 /* CharacterListViewController.swift */ = {isa = PBXFileReference; lastKnownFileType = sourcecode.swift; path = CharacterListViewController.swift; sourceTree = "<group>"; };
		786235582A0768E000234426 /* CharacterListViewController.xib */ = {isa = PBXFileReference; lastKnownFileType = file.xib; path = CharacterListViewController.xib; sourceTree = "<group>"; };
		7862355C2A076CB700234426 /* Extensions.swift */ = {isa = PBXFileReference; lastKnownFileType = sourcecode.swift; path = Extensions.swift; sourceTree = "<group>"; };
		786235632A07705800234426 /* CharacterDetailViewController.swift */ = {isa = PBXFileReference; lastKnownFileType = sourcecode.swift; path = CharacterDetailViewController.swift; sourceTree = "<group>"; };
		786235642A07705800234426 /* CharacterDetailViewController.xib */ = {isa = PBXFileReference; lastKnownFileType = file.xib; path = CharacterDetailViewController.xib; sourceTree = "<group>"; };
		786235682A078D5000234426 /* Coordinator.swift */ = {isa = PBXFileReference; lastKnownFileType = sourcecode.swift; path = Coordinator.swift; sourceTree = "<group>"; };
		7862356A2A078EA400234426 /* MainCoordinator.swift */ = {isa = PBXFileReference; lastKnownFileType = sourcecode.swift; path = MainCoordinator.swift; sourceTree = "<group>"; };
		7862356C2A07913200234426 /* CharacterDetailPushCoordinator.swift */ = {isa = PBXFileReference; lastKnownFileType = sourcecode.swift; path = CharacterDetailPushCoordinator.swift; sourceTree = "<group>"; };
		7862356E2A07940C00234426 /* CharacterDetailModalCoordinator.swift */ = {isa = PBXFileReference; lastKnownFileType = sourcecode.swift; path = CharacterDetailModalCoordinator.swift; sourceTree = "<group>"; };
		787454672A06D78B003761B3 /* MVC Architecture + Coordinators.app */ = {isa = PBXFileReference; explicitFileType = wrapper.application; includeInIndex = 0; path = "MVC Architecture + Coordinators.app"; sourceTree = BUILT_PRODUCTS_DIR; };
		7874546A2A06D78B003761B3 /* AppDelegate.swift */ = {isa = PBXFileReference; lastKnownFileType = sourcecode.swift; path = AppDelegate.swift; sourceTree = "<group>"; };
		7874546C2A06D78B003761B3 /* SceneDelegate.swift */ = {isa = PBXFileReference; lastKnownFileType = sourcecode.swift; path = SceneDelegate.swift; sourceTree = "<group>"; };
		787454732A06D78C003761B3 /* Assets.xcassets */ = {isa = PBXFileReference; lastKnownFileType = folder.assetcatalog; path = Assets.xcassets; sourceTree = "<group>"; };
		787454762A06D78C003761B3 /* Base */ = {isa = PBXFileReference; lastKnownFileType = file.storyboard; name = Base; path = Base.lproj/LaunchScreen.storyboard; sourceTree = "<group>"; };
		787454782A06D78C003761B3 /* Info.plist */ = {isa = PBXFileReference; lastKnownFileType = text.plist.xml; path = Info.plist; sourceTree = "<group>"; };
		787454812A06D954003761B3 /* APIClient.swift */ = {isa = PBXFileReference; lastKnownFileType = sourcecode.swift; path = APIClient.swift; sourceTree = "<group>"; };
		787454832A06DC2B003761B3 /* NetworkError.swift */ = {isa = PBXFileReference; lastKnownFileType = sourcecode.swift; path = NetworkError.swift; sourceTree = "<group>"; };
		787454852A06F0AA003761B3 /* CharacterDataModelResponse.swift */ = {isa = PBXFileReference; lastKnownFileType = sourcecode.swift; path = CharacterDataModelResponse.swift; sourceTree = "<group>"; };
		787454872A06F12A003761B3 /* CharacterDataModel.swift */ = {isa = PBXFileReference; lastKnownFileType = sourcecode.swift; path = CharacterDataModel.swift; sourceTree = "<group>"; };
/* End PBXFileReference section */

/* Begin PBXFrameworksBuildPhase section */
		787454642A06D78B003761B3 /* Frameworks */ = {
			isa = PBXFrameworksBuildPhase;
			buildActionMask = 2147483647;
			files = (
				786235562A0757C300234426 /* Kingfisher in Frameworks */,
			);
			runOnlyForDeploymentPostprocessing = 0;
		};
/* End PBXFrameworksBuildPhase section */

/* Begin PBXGroup section */
		786235532A0733FD00234426 /* Mocks */ = {
			isa = PBXGroup;
			children = (
			);
			path = Mocks;
			sourceTree = "<group>";
		};
		7862355B2A076C7D00234426 /* Utils */ = {
			isa = PBXGroup;
			children = (
				7862355C2A076CB700234426 /* Extensions.swift */,
			);
			path = Utils;
			sourceTree = "<group>";
		};
		7862355E2A076FAD00234426 /* ListOfCharacters */ = {
			isa = PBXGroup;
			children = (
				787454802A06D84F003761B3 /* Controller */,
				7874547F2A06D845003761B3 /* View */,
				7874547E2A06D840003761B3 /* Model */,
			);
			path = ListOfCharacters;
			sourceTree = "<group>";
		};
		7862355F2A076FE800234426 /* CharacterDetail */ = {
			isa = PBXGroup;
			children = (
				786235622A07701500234426 /* Controller */,
				786235612A07700F00234426 /* View */,
				786235602A07700500234426 /* Model */,
			);
			path = CharacterDetail;
			sourceTree = "<group>";
		};
		786235602A07700500234426 /* Model */ = {
			isa = PBXGroup;
			children = (
			);
			path = Model;
			sourceTree = "<group>";
		};
		786235612A07700F00234426 /* View */ = {
			isa = PBXGroup;
			children = (
				786235642A07705800234426 /* CharacterDetailViewController.xib */,
			);
			path = View;
			sourceTree = "<group>";
		};
		786235622A07701500234426 /* Controller */ = {
			isa = PBXGroup;
			children = (
				786235632A07705800234426 /* CharacterDetailViewController.swift */,
			);
			path = Controller;
			sourceTree = "<group>";
		};
		786235672A078D0C00234426 /* Coordinator */ = {
			isa = PBXGroup;
			children = (
				786235682A078D5000234426 /* Coordinator.swift */,
				7862356A2A078EA400234426 /* MainCoordinator.swift */,
				7862356C2A07913200234426 /* CharacterDetailPushCoordinator.swift */,
				7862356E2A07940C00234426 /* CharacterDetailModalCoordinator.swift */,
			);
			path = Coordinator;
			sourceTree = "<group>";
		};
		7874545E2A06D78B003761B3 = {
			isa = PBXGroup;
			children = (
				787454692A06D78B003761B3 /* MVC Architecture + Coordinators */,
				787454682A06D78B003761B3 /* Products */,
			);
			sourceTree = "<group>";
		};
		787454682A06D78B003761B3 /* Products */ = {
			isa = PBXGroup;
			children = (
				787454672A06D78B003761B3 /* MVC Architecture + Coordinators.app */,
			);
			name = Products;
			sourceTree = "<group>";
		};
		787454692A06D78B003761B3 /* MVC Architecture + Coordinators */ = {
			isa = PBXGroup;
			children = (
				7874546A2A06D78B003761B3 /* AppDelegate.swift */,
				7874546C2A06D78B003761B3 /* SceneDelegate.swift */,
				7862355B2A076C7D00234426 /* Utils */,
				786235532A0733FD00234426 /* Mocks */,
				786235672A078D0C00234426 /* Coordinator */,
				7862355E2A076FAD00234426 /* ListOfCharacters */,
				7862355F2A076FE800234426 /* CharacterDetail */,
				787454732A06D78C003761B3 /* Assets.xcassets */,
				787454752A06D78C003761B3 /* LaunchScreen.storyboard */,
				787454782A06D78C003761B3 /* Info.plist */,
			);
			path = "MVC Architecture + Coordinators";
			sourceTree = "<group>";
		};
		7874547E2A06D840003761B3 /* Model */ = {
			isa = PBXGroup;
			children = (
				787454852A06F0AA003761B3 /* CharacterDataModelResponse.swift */,
				787454872A06F12A003761B3 /* CharacterDataModel.swift */,
				787454832A06DC2B003761B3 /* NetworkError.swift */,
				787454812A06D954003761B3 /* APIClient.swift */,
			);
			path = Model;
			sourceTree = "<group>";
		};
		7874547F2A06D845003761B3 /* View */ = {
			isa = PBXGroup;
			children = (
				786235582A0768E000234426 /* CharacterListViewController.xib */,
				786235502A072AE400234426 /* CharacterListTableViewCell.xib */,
			);
			path = View;
			sourceTree = "<group>";
		};
		787454802A06D84F003761B3 /* Controller */ = {
			isa = PBXGroup;
			children = (
				786235572A0768E000234426 /* CharacterListViewController.swift */,
				7862354F2A072AE400234426 /* CharacterListTableViewCell.swift */,
			);
			path = Controller;
			sourceTree = "<group>";
		};
/* End PBXGroup section */

/* Begin PBXNativeTarget section */
		787454662A06D78B003761B3 /* MVC Architecture + Coordinators */ = {
			isa = PBXNativeTarget;
			buildConfigurationList = 7874547B2A06D78C003761B3 /* Build configuration list for PBXNativeTarget "MVC Architecture + Coordinators" */;
			buildPhases = (
				787454632A06D78B003761B3 /* Sources */,
				787454642A06D78B003761B3 /* Frameworks */,
				787454652A06D78B003761B3 /* Resources */,
			);
			buildRules = (
			);
			dependencies = (
			);
			name = "MVC Architecture + Coordinators";
			packageProductDependencies = (
				786235552A0757C300234426 /* Kingfisher */,
			);
			productName = "MVC Architecture + Coordinators";
			productReference = 787454672A06D78B003761B3 /* MVC Architecture + Coordinators.app */;
			productType = "com.apple.product-type.application";
		};
/* End PBXNativeTarget section */

/* Begin PBXProject section */
		7874545F2A06D78B003761B3 /* Project object */ = {
			isa = PBXProject;
			attributes = {
				BuildIndependentTargetsInParallel = 1;
				LastSwiftUpdateCheck = 1430;
				LastUpgradeCheck = 1430;
				TargetAttributes = {
					787454662A06D78B003761B3 = {
						CreatedOnToolsVersion = 14.3;
					};
				};
			};
			buildConfigurationList = 787454622A06D78B003761B3 /* Build configuration list for PBXProject "MVC Architecture + Coordinators" */;
			compatibilityVersion = "Xcode 12.0";
			developmentRegion = en;
			hasScannedForEncodings = 0;
			knownRegions = (
				en,
				Base,
			);
			mainGroup = 7874545E2A06D78B003761B3;
			packageReferences = (
				786235542A0757C300234426 /* XCRemoteSwiftPackageReference "Kingfisher" */,
			);
			productRefGroup = 787454682A06D78B003761B3 /* Products */;
			projectDirPath = "";
			projectRoot = "";
			targets = (
				787454662A06D78B003761B3 /* MVC Architecture + Coordinators */,
			);
		};
/* End PBXProject section */

/* Begin PBXResourcesBuildPhase section */
		787454652A06D78B003761B3 /* Resources */ = {
			isa = PBXResourcesBuildPhase;
			buildActionMask = 2147483647;
			files = (
				7862355A2A0768E000234426 /* CharacterListViewController.xib in Resources */,
				787454772A06D78C003761B3 /* LaunchScreen.storyboard in Resources */,
				786235522A072AE400234426 /* CharacterListTableViewCell.xib in Resources */,
				786235662A07705800234426 /* CharacterDetailViewController.xib in Resources */,
				787454742A06D78C003761B3 /* Assets.xcassets in Resources */,
			);
			runOnlyForDeploymentPostprocessing = 0;
		};
/* End PBXResourcesBuildPhase section */

/* Begin PBXSourcesBuildPhase section */
		787454632A06D78B003761B3 /* Sources */ = {
			isa = PBXSourcesBuildPhase;
			buildActionMask = 2147483647;
			files = (
				787454882A06F12A003761B3 /* CharacterDataModel.swift in Sources */,
				7862356B2A078EA400234426 /* MainCoordinator.swift in Sources */,
				7862355D2A076CB700234426 /* Extensions.swift in Sources */,
				7862356F2A07940C00234426 /* CharacterDetailModalCoordinator.swift in Sources */,
				7874546B2A06D78B003761B3 /* AppDelegate.swift in Sources */,
				787454862A06F0AA003761B3 /* CharacterDataModelResponse.swift in Sources */,
				786235512A072AE400234426 /* CharacterListTableViewCell.swift in Sources */,
				786235652A07705800234426 /* CharacterDetailViewController.swift in Sources */,
				786235692A078D5000234426 /* Coordinator.swift in Sources */,
				786235592A0768E000234426 /* CharacterListViewController.swift in Sources */,
				7862356D2A07913200234426 /* CharacterDetailPushCoordinator.swift in Sources */,
				7874546D2A06D78B003761B3 /* SceneDelegate.swift in Sources */,
				787454822A06D954003761B3 /* APIClient.swift in Sources */,
				787454842A06DC2B003761B3 /* NetworkError.swift in Sources */,
			);
			runOnlyForDeploymentPostprocessing = 0;
		};
/* End PBXSourcesBuildPhase section */

/* Begin PBXVariantGroup section */
		787454752A06D78C003761B3 /* LaunchScreen.storyboard */ = {
			isa = PBXVariantGroup;
			children = (
				787454762A06D78C003761B3 /* Base */,
			);
			name = LaunchScreen.storyboard;
			sourceTree = "<group>";
		};
/* End PBXVariantGroup section */

/* Begin XCBuildConfiguration section */
		787454792A06D78C003761B3 /* Debug */ = {
			isa = XCBuildConfiguration;
			buildSettings = {
				ALWAYS_SEARCH_USER_PATHS = NO;
				CLANG_ANALYZER_NONNULL = YES;
				CLANG_ANALYZER_NUMBER_OBJECT_CONVERSION = YES_AGGRESSIVE;
				CLANG_CXX_LANGUAGE_STANDARD = "gnu++20";
				CLANG_ENABLE_MODULES = YES;
				CLANG_ENABLE_OBJC_ARC = YES;
				CLANG_ENABLE_OBJC_WEAK = YES;
				CLANG_WARN_BLOCK_CAPTURE_AUTORELEASING = YES;
				CLANG_WARN_BOOL_CONVERSION = YES;
				CLANG_WARN_COMMA = YES;
				CLANG_WARN_CONSTANT_CONVERSION = YES;
				CLANG_WARN_DEPRECATED_OBJC_IMPLEMENTATIONS = YES;
				CLANG_WARN_DIRECT_OBJC_ISA_USAGE = YES_ERROR;
				CLANG_WARN_DOCUMENTATION_COMMENTS = YES;
				CLANG_WARN_EMPTY_BODY = YES;
				CLANG_WARN_ENUM_CONVERSION = YES;
				CLANG_WARN_INFINITE_RECURSION = YES;
				CLANG_WARN_INT_CONVERSION = YES;
				CLANG_WARN_NON_LITERAL_NULL_CONVERSION = YES;
				CLANG_WARN_OBJC_IMPLICIT_RETAIN_SELF = YES;
				CLANG_WARN_OBJC_LITERAL_CONVERSION = YES;
				CLANG_WARN_OBJC_ROOT_CLASS = YES_ERROR;
				CLANG_WARN_QUOTED_INCLUDE_IN_FRAMEWORK_HEADER = YES;
				CLANG_WARN_RANGE_LOOP_ANALYSIS = YES;
				CLANG_WARN_STRICT_PROTOTYPES = YES;
				CLANG_WARN_SUSPICIOUS_MOVE = YES;
				CLANG_WARN_UNGUARDED_AVAILABILITY = YES_AGGRESSIVE;
				CLANG_WARN_UNREACHABLE_CODE = YES;
				CLANG_WARN__DUPLICATE_METHOD_MATCH = YES;
				COPY_PHASE_STRIP = NO;
				DEBUG_INFORMATION_FORMAT = dwarf;
				ENABLE_STRICT_OBJC_MSGSEND = YES;
				ENABLE_TESTABILITY = YES;
				GCC_C_LANGUAGE_STANDARD = gnu11;
				GCC_DYNAMIC_NO_PIC = NO;
				GCC_NO_COMMON_BLOCKS = YES;
				GCC_OPTIMIZATION_LEVEL = 0;
				GCC_PREPROCESSOR_DEFINITIONS = (
					"DEBUG=1",
					"$(inherited)",
				);
				GCC_WARN_64_TO_32_BIT_CONVERSION = YES;
				GCC_WARN_ABOUT_RETURN_TYPE = YES_ERROR;
				GCC_WARN_UNDECLARED_SELECTOR = YES;
				GCC_WARN_UNINITIALIZED_AUTOS = YES_AGGRESSIVE;
				GCC_WARN_UNUSED_FUNCTION = YES;
				GCC_WARN_UNUSED_VARIABLE = YES;
				IPHONEOS_DEPLOYMENT_TARGET = 16.4;
				MTL_ENABLE_DEBUG_INFO = INCLUDE_SOURCE;
				MTL_FAST_MATH = YES;
				ONLY_ACTIVE_ARCH = YES;
				SDKROOT = iphoneos;
				SWIFT_ACTIVE_COMPILATION_CONDITIONS = DEBUG;
				SWIFT_OPTIMIZATION_LEVEL = "-Onone";
			};
			name = Debug;
		};
		7874547A2A06D78C003761B3 /* Release */ = {
			isa = XCBuildConfiguration;
			buildSettings = {
				ALWAYS_SEARCH_USER_PATHS = NO;
				CLANG_ANALYZER_NONNULL = YES;
				CLANG_ANALYZER_NUMBER_OBJECT_CONVERSION = YES_AGGRESSIVE;
				CLANG_CXX_LANGUAGE_STANDARD = "gnu++20";
				CLANG_ENABLE_MODULES = YES;
				CLANG_ENABLE_OBJC_ARC = YES;
				CLANG_ENABLE_OBJC_WEAK = YES;
				CLANG_WARN_BLOCK_CAPTURE_AUTORELEASING = YES;
				CLANG_WARN_BOOL_CONVERSION = YES;
				CLANG_WARN_COMMA = YES;
				CLANG_WARN_CONSTANT_CONVERSION = YES;
				CLANG_WARN_DEPRECATED_OBJC_IMPLEMENTATIONS = YES;
				CLANG_WARN_DIRECT_OBJC_ISA_USAGE = YES_ERROR;
				CLANG_WARN_DOCUMENTATION_COMMENTS = YES;
				CLANG_WARN_EMPTY_BODY = YES;
				CLANG_WARN_ENUM_CONVERSION = YES;
				CLANG_WARN_INFINITE_RECURSION = YES;
				CLANG_WARN_INT_CONVERSION = YES;
				CLANG_WARN_NON_LITERAL_NULL_CONVERSION = YES;
				CLANG_WARN_OBJC_IMPLICIT_RETAIN_SELF = YES;
				CLANG_WARN_OBJC_LITERAL_CONVERSION = YES;
				CLANG_WARN_OBJC_ROOT_CLASS = YES_ERROR;
				CLANG_WARN_QUOTED_INCLUDE_IN_FRAMEWORK_HEADER = YES;
				CLANG_WARN_RANGE_LOOP_ANALYSIS = YES;
				CLANG_WARN_STRICT_PROTOTYPES = YES;
				CLANG_WARN_SUSPICIOUS_MOVE = YES;
				CLANG_WARN_UNGUARDED_AVAILABILITY = YES_AGGRESSIVE;
				CLANG_WARN_UNREACHABLE_CODE = YES;
				CLANG_WARN__DUPLICATE_METHOD_MATCH = YES;
				COPY_PHASE_STRIP = NO;
				DEBUG_INFORMATION_FORMAT = "dwarf-with-dsym";
				ENABLE_NS_ASSERTIONS = NO;
				ENABLE_STRICT_OBJC_MSGSEND = YES;
				GCC_C_LANGUAGE_STANDARD = gnu11;
				GCC_NO_COMMON_BLOCKS = YES;
				GCC_WARN_64_TO_32_BIT_CONVERSION = YES;
				GCC_WARN_ABOUT_RETURN_TYPE = YES_ERROR;
				GCC_WARN_UNDECLARED_SELECTOR = YES;
				GCC_WARN_UNINITIALIZED_AUTOS = YES_AGGRESSIVE;
				GCC_WARN_UNUSED_FUNCTION = YES;
				GCC_WARN_UNUSED_VARIABLE = YES;
				IPHONEOS_DEPLOYMENT_TARGET = 16.4;
				MTL_ENABLE_DEBUG_INFO = NO;
				MTL_FAST_MATH = YES;
				SDKROOT = iphoneos;
				SWIFT_COMPILATION_MODE = wholemodule;
				SWIFT_OPTIMIZATION_LEVEL = "-O";
				VALIDATE_PRODUCT = YES;
			};
			name = Release;
		};
		7874547C2A06D78C003761B3 /* Debug */ = {
			isa = XCBuildConfiguration;
			buildSettings = {
				ASSETCATALOG_COMPILER_APPICON_NAME = AppIcon;
				ASSETCATALOG_COMPILER_GLOBAL_ACCENT_COLOR_NAME = AccentColor;
				CODE_SIGN_STYLE = Automatic;
				CURRENT_PROJECT_VERSION = 1;
				DEVELOPMENT_TEAM = DAUV2YZAPY;
				GENERATE_INFOPLIST_FILE = YES;
				INFOPLIST_FILE = "MVC Architecture + Coordinators/Info.plist";
				INFOPLIST_KEY_UIApplicationSupportsIndirectInputEvents = YES;
				INFOPLIST_KEY_UILaunchStoryboardName = LaunchScreen;
				INFOPLIST_KEY_UISupportedInterfaceOrientations_iPad = "UIInterfaceOrientationPortrait UIInterfaceOrientationPortraitUpsideDown UIInterfaceOrientationLandscapeLeft UIInterfaceOrientationLandscapeRight";
				INFOPLIST_KEY_UISupportedInterfaceOrientations_iPhone = "UIInterfaceOrientationPortrait UIInterfaceOrientationLandscapeLeft UIInterfaceOrientationLandscapeRight";
				LD_RUNPATH_SEARCH_PATHS = (
					"$(inherited)",
					"@executable_path/Frameworks",
				);
				MARKETING_VERSION = 1.0;
				PRODUCT_BUNDLE_IDENTIFIER = "com.miguelulloa.MVC-Architecture---Coordinators";
				PRODUCT_NAME = "$(TARGET_NAME)";
				SWIFT_EMIT_LOC_STRINGS = YES;
				SWIFT_VERSION = 5.0;
				TARGETED_DEVICE_FAMILY = "1,2";
			};
			name = Debug;
		};
		7874547D2A06D78C003761B3 /* Release */ = {
			isa = XCBuildConfiguration;
			buildSettings = {
				ASSETCATALOG_COMPILER_APPICON_NAME = AppIcon;
				ASSETCATALOG_COMPILER_GLOBAL_ACCENT_COLOR_NAME = AccentColor;
				CODE_SIGN_STYLE = Automatic;
				CURRENT_PROJECT_VERSION = 1;
				DEVELOPMENT_TEAM = DAUV2YZAPY;
				GENERATE_INFOPLIST_FILE = YES;
				INFOPLIST_FILE = "MVC Architecture + Coordinators/Info.plist";
				INFOPLIST_KEY_UIApplicationSupportsIndirectInputEvents = YES;
				INFOPLIST_KEY_UILaunchStoryboardName = LaunchScreen;
				INFOPLIST_KEY_UISupportedInterfaceOrientations_iPad = "UIInterfaceOrientationPortrait UIInterfaceOrientationPortraitUpsideDown UIInterfaceOrientationLandscapeLeft UIInterfaceOrientationLandscapeRight";
				INFOPLIST_KEY_UISupportedInterfaceOrientations_iPhone = "UIInterfaceOrientationPortrait UIInterfaceOrientationLandscapeLeft UIInterfaceOrientationLandscapeRight";
				LD_RUNPATH_SEARCH_PATHS = (
					"$(inherited)",
					"@executable_path/Frameworks",
				);
				MARKETING_VERSION = 1.0;
				PRODUCT_BUNDLE_IDENTIFIER = "com.miguelulloa.MVC-Architecture---Coordinators";
				PRODUCT_NAME = "$(TARGET_NAME)";
				SWIFT_EMIT_LOC_STRINGS = YES;
				SWIFT_VERSION = 5.0;
				TARGETED_DEVICE_FAMILY = "1,2";
			};
			name = Release;
		};
/* End XCBuildConfiguration section */

/* Begin XCConfigurationList section */
		787454622A06D78B003761B3 /* Build configuration list for PBXProject "MVC Architecture + Coordinators" */ = {
			isa = XCConfigurationList;
			buildConfigurations = (
				787454792A06D78C003761B3 /* Debug */,
				7874547A2A06D78C003761B3 /* Release */,
			);
			defaultConfigurationIsVisible = 0;
			defaultConfigurationName = Release;
		};
		7874547B2A06D78C003761B3 /* Build configuration list for PBXNativeTarget "MVC Architecture + Coordinators" */ = {
			isa = XCConfigurationList;
			buildConfigurations = (
				7874547C2A06D78C003761B3 /* Debug */,
				7874547D2A06D78C003761B3 /* Release */,
			);
			defaultConfigurationIsVisible = 0;
			defaultConfigurationName = Release;
		};
/* End XCConfigurationList section */

/* Begin XCRemoteSwiftPackageReference section */
		786235542A0757C300234426 /* XCRemoteSwiftPackageReference "Kingfisher" */ = {
			isa = XCRemoteSwiftPackageReference;
			repositoryURL = "https://github.com/onevcat/Kingfisher.git";
			requirement = {
				kind = upToNextMajorVersion;
				minimumVersion = 7.0.0;
			};
		};
/* End XCRemoteSwiftPackageReference section */

/* Begin XCSwiftPackageProductDependency section */
		786235552A0757C300234426 /* Kingfisher */ = {
			isa = XCSwiftPackageProductDependency;
			package = 786235542A0757C300234426 /* XCRemoteSwiftPackageReference "Kingfisher" */;
			productName = Kingfisher;
		};
/* End XCSwiftPackageProductDependency section */
	};
	rootObject = 7874545F2A06D78B003761B3 /* Project object */;
}
